{
  "name": "react_transport",
  "lockfileVersion": 2,
  "requires": true,
  "packages": {
    "": {
      "dependencies": {
        "@capacitor/core": "^3.4.1"
      }
    },
    "node_modules/@capacitor/core": {
      "version": "3.4.1",
      "resolved": "https://registry.npmjs.org/@capacitor/core/-/core-3.4.1.tgz",
      "integrity": "sha512-BwN925gwXGEVAhnnVAXH57cp+/YW5PhFZloGYaN3Sm8eKcYDNeti38lV9DQ8A/T5PYkJw/+TSu8SsuoEQD0vwQ==",
      "dependencies": {
        "tslib": "^2.1.0"
      }
    },
    "node_modules/tslib": {
      "version": "2.3.1",
      "resolved": "https://registry.npmjs.org/tslib/-/tslib-2.3.1.tgz",
      "integrity": "sha512-77EbyPPpMz+FRFRuAFlWMtmgUWGe9UOG2Z25NqCwiIjRhOf5iKGuzSe5P2w1laq+FkRy4p+PCuVkJSGkzTEKVw=="
    }
  },
  "dependencies": {
    "@capacitor/core": {
      "version": "3.4.1",
      "resolved": "https://registry.npmjs.org/@capacitor/core/-/core-3.4.1.tgz",
      "integrity": "sha512-BwN925gwXGEVAhnnVAXH57cp+/YW5PhFZloGYaN3Sm8eKcYDNeti38lV9DQ8A/T5PYkJw/+TSu8SsuoEQD0vwQ==",
      "requires": {
        "tslib": "^2.1.0"
      }
    },
    "tslib": {
      "version": "2.3.1",
      "resolved": "https://registry.npmjs.org/tslib/-/tslib-2.3.1.tgz",
      "integrity": "sha512-77EbyPPpMz+FRFRuAFlWMtmgUWGe9UOG2Z25NqCwiIjRhOf5iKGuzSe5P2w1laq+FkRy4p+PCuVkJSGkzTEKVw=="
    }
  }
}
